
Microsoft Visual Studio Solution File, Format Version 12.00
# Visual Studio 15
VisualStudioVersion = 15.0.27130.2027
MinimumVisualStudioVersion = 10.0.40219.1
Project("{FAE04EC0-301F-11D3-BF4B-00C04F79EFBC}") = "UserStory", "UserStory\UserStory.csproj", "{5ABDF324-E47E-4A2A-89B7-51CDF36EE686}"
EndProject
Global
	GlobalSection(SolutionConfigurationPlatforms) = preSolution
		Debug|Any CPU = Debug|Any CPU
		Release|Any CPU = Release|Any CPU
	EndGlobalSection
	GlobalSection(ProjectConfigurationPlatforms) = postSolution
		{5ABDF324-E47E-4A2A-89B7-51CDF36EE686}.Debug|Any CPU.ActiveCfg = Debug|Any CPU
		{5ABDF324-E47E-4A2A-89B7-51CDF36EE686}.Debug|Any CPU.Build.0 = Debug|Any CPU
		{5ABDF324-E47E-4A2A-89B7-51CDF36EE686}.Release|Any CPU.ActiveCfg = Release|Any CPU
		{5ABDF324-E47E-4A2A-89B7-51CDF36EE686}.Release|Any CPU.Build.0 = Release|Any CPU
	EndGlobalSection
	GlobalSection(SolutionProperties) = preSolution
		HideSolutionNode = FALSE
	EndGlobalSection
	GlobalSection(ExtensibilityGlobals) = postSolution
		SolutionGuid = {BF4B5656-FB79-4253-9075-D463AFB07644}
	EndGlobalSection
EndGlobal
