
Microsoft Visual Studio Solution File, Format Version 12.00
# Visual Studio 15
VisualStudioVersion = 15.0.27130.2027
MinimumVisualStudioVersion = 10.0.40219.1
Project("{FAE04EC0-301F-11D3-BF4B-00C04F79EFBC}") = "MyUserStory.WEB", "MyUserStory.WEB\MyUserStory.WEB.csproj", "{89867FA3-B24F-436E-A6D8-E6AB18FC3017}"
EndProject
Project("{FAE04EC0-301F-11D3-BF4B-00C04F79EFBC}") = "MyUserStory.BLL", "MyUserStory.BLL\MyUserStory.BLL.csproj", "{EDB777D5-CFC4-4449-9647-9BD61AA9E864}"
EndProject
Project("{FAE04EC0-301F-11D3-BF4B-00C04F79EFBC}") = "MyUserStory.DAL", "MyUserStory.DAL\MyUserStory.DAL.csproj", "{8A4BA385-0044-4671-BE3A-22B559D9DEBA}"
EndProject
Project("{FAE04EC0-301F-11D3-BF4B-00C04F79EFBC}") = "QueueStory", "Queue\QueueStory.csproj", "{D0C8DEC5-3296-41FF-8C7A-11363AE51AF8}"
EndProject
Project("{FAE04EC0-301F-11D3-BF4B-00C04F79EFBC}") = "QueueComment", "QueueComment\QueueComment.csproj", "{C99B61D6-EA51-4C78-BFE8-C84EBFA44F5D}"
EndProject
Global
	GlobalSection(SolutionConfigurationPlatforms) = preSolution
		Debug|Any CPU = Debug|Any CPU
		Release|Any CPU = Release|Any CPU
	EndGlobalSection
	GlobalSection(ProjectConfigurationPlatforms) = postSolution
		{89867FA3-B24F-436E-A6D8-E6AB18FC3017}.Debug|Any CPU.ActiveCfg = Debug|Any CPU
		{89867FA3-B24F-436E-A6D8-E6AB18FC3017}.Debug|Any CPU.Build.0 = Debug|Any CPU
		{89867FA3-B24F-436E-A6D8-E6AB18FC3017}.Release|Any CPU.ActiveCfg = Release|Any CPU
		{89867FA3-B24F-436E-A6D8-E6AB18FC3017}.Release|Any CPU.Build.0 = Release|Any CPU
		{EDB777D5-CFC4-4449-9647-9BD61AA9E864}.Debug|Any CPU.ActiveCfg = Debug|Any CPU
		{EDB777D5-CFC4-4449-9647-9BD61AA9E864}.Debug|Any CPU.Build.0 = Debug|Any CPU
		{EDB777D5-CFC4-4449-9647-9BD61AA9E864}.Release|Any CPU.ActiveCfg = Release|Any CPU
		{EDB777D5-CFC4-4449-9647-9BD61AA9E864}.Release|Any CPU.Build.0 = Release|Any CPU
		{8A4BA385-0044-4671-BE3A-22B559D9DEBA}.Debug|Any CPU.ActiveCfg = Debug|Any CPU
		{8A4BA385-0044-4671-BE3A-22B559D9DEBA}.Debug|Any CPU.Build.0 = Debug|Any CPU
		{8A4BA385-0044-4671-BE3A-22B559D9DEBA}.Release|Any CPU.ActiveCfg = Release|Any CPU
		{8A4BA385-0044-4671-BE3A-22B559D9DEBA}.Release|Any CPU.Build.0 = Release|Any CPU
		{D0C8DEC5-3296-41FF-8C7A-11363AE51AF8}.Debug|Any CPU.ActiveCfg = Debug|Any CPU
		{D0C8DEC5-3296-41FF-8C7A-11363AE51AF8}.Debug|Any CPU.Build.0 = Debug|Any CPU
		{D0C8DEC5-3296-41FF-8C7A-11363AE51AF8}.Release|Any CPU.ActiveCfg = Release|Any CPU
		{D0C8DEC5-3296-41FF-8C7A-11363AE51AF8}.Release|Any CPU.Build.0 = Release|Any CPU
		{C99B61D6-EA51-4C78-BFE8-C84EBFA44F5D}.Debug|Any CPU.ActiveCfg = Debug|Any CPU
		{C99B61D6-EA51-4C78-BFE8-C84EBFA44F5D}.Debug|Any CPU.Build.0 = Debug|Any CPU
		{C99B61D6-EA51-4C78-BFE8-C84EBFA44F5D}.Release|Any CPU.ActiveCfg = Release|Any CPU
		{C99B61D6-EA51-4C78-BFE8-C84EBFA44F5D}.Release|Any CPU.Build.0 = Release|Any CPU
	EndGlobalSection
	GlobalSection(SolutionProperties) = preSolution
		HideSolutionNode = FALSE
	EndGlobalSection
	GlobalSection(ExtensibilityGlobals) = postSolution
		SolutionGuid = {EC8AAB86-B3BA-4FED-9415-280F3917450D}
	EndGlobalSection
EndGlobal
